
Microsoft Visual Studio Solution File, Format Version 12.00
# Visual Studio Version 17
VisualStudioVersion = 17.8.34309.116
MinimumVisualStudioVersion = 10.0.40219.1
Project("{9A19103F-16F7-4668-BE54-9A1E7A4F7556}") = "ShopSharp", "ShopSharp.csproj", "{6BEE46C8-8BE4-4E8E-A50F-B49857FECEB9}"
	ProjectSection(ProjectDependencies) = postProject
		{49713679-791A-4E30-868C-ACF366B0D285} = {49713679-791A-4E30-868C-ACF366B0D285}
		{98CE9137-0FDC-403D-B7F6-CFE5F18D3D5A} = {98CE9137-0FDC-403D-B7F6-CFE5F18D3D5A}
	EndProjectSection
EndProject
Project("{9A19103F-16F7-4668-BE54-9A1E7A4F7556}") = "Model", "..\Model\Model.csproj", "{0CFFDD06-33DF-46B4-8CAF-1C0B36DC6BA2}"
EndProject
Project("{9A19103F-16F7-4668-BE54-9A1E7A4F7556}") = "BLL", "..\BLL\BLL.csproj", "{49713679-791A-4E30-868C-ACF366B0D285}"
EndProject
Project("{9A19103F-16F7-4668-BE54-9A1E7A4F7556}") = "DAL", "..\DAL\DAL.csproj", "{98CE9137-0FDC-403D-B7F6-CFE5F18D3D5A}"
EndProject
Global
	GlobalSection(SolutionConfigurationPlatforms) = preSolution
		Debug|Any CPU = Debug|Any CPU
		Release|Any CPU = Release|Any CPU
	EndGlobalSection
	GlobalSection(ProjectConfigurationPlatforms) = postSolution
		{6BEE46C8-8BE4-4E8E-A50F-B49857FECEB9}.Debug|Any CPU.ActiveCfg = Debug|Any CPU
		{6BEE46C8-8BE4-4E8E-A50F-B49857FECEB9}.Debug|Any CPU.Build.0 = Debug|Any CPU
		{6BEE46C8-8BE4-4E8E-A50F-B49857FECEB9}.Release|Any CPU.ActiveCfg = Release|Any CPU
		{6BEE46C8-8BE4-4E8E-A50F-B49857FECEB9}.Release|Any CPU.Build.0 = Release|Any CPU
		{0CFFDD06-33DF-46B4-8CAF-1C0B36DC6BA2}.Debug|Any CPU.ActiveCfg = Debug|Any CPU
		{0CFFDD06-33DF-46B4-8CAF-1C0B36DC6BA2}.Debug|Any CPU.Build.0 = Debug|Any CPU
		{0CFFDD06-33DF-46B4-8CAF-1C0B36DC6BA2}.Release|Any CPU.ActiveCfg = Release|Any CPU
		{0CFFDD06-33DF-46B4-8CAF-1C0B36DC6BA2}.Release|Any CPU.Build.0 = Release|Any CPU
		{49713679-791A-4E30-868C-ACF366B0D285}.Debug|Any CPU.ActiveCfg = Debug|Any CPU
		{49713679-791A-4E30-868C-ACF366B0D285}.Debug|Any CPU.Build.0 = Debug|Any CPU
		{49713679-791A-4E30-868C-ACF366B0D285}.Release|Any CPU.ActiveCfg = Release|Any CPU
		{49713679-791A-4E30-868C-ACF366B0D285}.Release|Any CPU.Build.0 = Release|Any CPU
		{98CE9137-0FDC-403D-B7F6-CFE5F18D3D5A}.Debug|Any CPU.ActiveCfg = Debug|Any CPU
		{98CE9137-0FDC-403D-B7F6-CFE5F18D3D5A}.Debug|Any CPU.Build.0 = Debug|Any CPU
		{98CE9137-0FDC-403D-B7F6-CFE5F18D3D5A}.Release|Any CPU.ActiveCfg = Release|Any CPU
		{98CE9137-0FDC-403D-B7F6-CFE5F18D3D5A}.Release|Any CPU.Build.0 = Release|Any CPU
	EndGlobalSection
	GlobalSection(SolutionProperties) = preSolution
		HideSolutionNode = FALSE
	EndGlobalSection
	GlobalSection(ExtensibilityGlobals) = postSolution
		SolutionGuid = {141FB41A-1860-47B5-9633-544E70FEB6A5}
	EndGlobalSection
EndGlobal
